
Microsoft Visual Studio Solution File, Format Version 12.00
# Visual Studio Version 17
VisualStudioVersion = 17.13.35806.99
MinimumVisualStudioVersion = 10.0.40219.1
Project("{54A90642-561A-4BB1-A94E-469ADEE60C69}") = "highlyzensitive.client", "highlyzensitive.client\highlyzensitive.client.esproj", "{9B360BAD-FEAC-DE57-6CEA-E3F58557F7BD}"
EndProject
Project("{FAE04EC0-301F-11D3-BF4B-00C04F79EFBC}") = "HighlyZensitive.Server", "HighlyZensitive.Server\HighlyZensitive.Server.csproj", "{15EA5EC6-2320-491B-9DEE-F0F2D92B37C0}"
EndProject
Global
	GlobalSection(SolutionConfigurationPlatforms) = preSolution
		Debug|Any CPU = Debug|Any CPU
		Release|Any CPU = Release|Any CPU
	EndGlobalSection
	GlobalSection(ProjectConfigurationPlatforms) = postSolution
		{9B360BAD-FEAC-DE57-6CEA-E3F58557F7BD}.Debug|Any CPU.ActiveCfg = Debug|Any CPU
		{9B360BAD-FEAC-DE57-6CEA-E3F58557F7BD}.Debug|Any CPU.Build.0 = Debug|Any CPU
		{9B360BAD-FEAC-DE57-6CEA-E3F58557F7BD}.Release|Any CPU.ActiveCfg = Release|Any CPU
		{9B360BAD-FEAC-DE57-6CEA-E3F58557F7BD}.Release|Any CPU.Build.0 = Release|Any CPU
		{9B360BAD-FEAC-DE57-6CEA-E3F58557F7BD}.Release|Any CPU.Deploy.0 = Release|Any CPU
		{15EA5EC6-2320-491B-9DEE-F0F2D92B37C0}.Debug|Any CPU.ActiveCfg = Debug|Any CPU
		{15EA5EC6-2320-491B-9DEE-F0F2D92B37C0}.Debug|Any CPU.Build.0 = Debug|Any CPU
		{15EA5EC6-2320-491B-9DEE-F0F2D92B37C0}.Release|Any CPU.ActiveCfg = Release|Any CPU
		{15EA5EC6-2320-491B-9DEE-F0F2D92B37C0}.Release|Any CPU.Build.0 = Release|Any CPU
	EndGlobalSection
	GlobalSection(SolutionProperties) = preSolution
		HideSolutionNode = FALSE
	EndGlobalSection
	GlobalSection(ExtensibilityGlobals) = postSolution
		SolutionGuid = {9610EB43-048A-4C8D-A611-3963668050A6}
	EndGlobalSection
EndGlobal
